
Microsoft Visual Studio Solution File, Format Version 12.00
# Visual Studio 2012
Project("{FAE04EC0-301F-11D3-BF4B-00C04F79EFBC}") = "Music8", "Music8\Music8.csproj", "{B4F4F8AE-3BC1-4780-A334-2679C0D931E3}"
EndProject
Project("{FAE04EC0-301F-11D3-BF4B-00C04F79EFBC}") = "Byteopia.Music.GoogleMusicAPI", "Byteopia.Music.GoogleMusicAPI\Byteopia.Music.GoogleMusicAPI.csproj", "{645DA80F-FE08-45F8-A0EF-27C23D11E2FA}"
EndProject
Project("{FAE04EC0-301F-11D3-BF4B-00C04F79EFBC}") = "Byteopia.Helpers", "Byteopia.Helpers\Byteopia.Helpers.csproj", "{0DCCBDCD-D973-4C8B-B765-494B55090A59}"
EndProject
Project("{FAE04EC0-301F-11D3-BF4B-00C04F79EFBC}") = "Byteopia.Music.Lastfm", "Byteopia.Music.Lastfm\Byteopia.Music.Lastfm.csproj", "{9ED56221-EDAC-41E8-90EF-464CCB4C8048}"
EndProject
Global
	GlobalSection(SolutionConfigurationPlatforms) = preSolution
		Debug|Any CPU = Debug|Any CPU
		Debug|ARM = Debug|ARM
		Debug|x64 = Debug|x64
		Debug|x86 = Debug|x86
		Release|Any CPU = Release|Any CPU
		Release|ARM = Release|ARM
		Release|x64 = Release|x64
		Release|x86 = Release|x86
	EndGlobalSection
	GlobalSection(ProjectConfigurationPlatforms) = postSolution
		{B4F4F8AE-3BC1-4780-A334-2679C0D931E3}.Debug|Any CPU.ActiveCfg = Debug|Any CPU
		{B4F4F8AE-3BC1-4780-A334-2679C0D931E3}.Debug|Any CPU.Build.0 = Debug|Any CPU
		{B4F4F8AE-3BC1-4780-A334-2679C0D931E3}.Debug|Any CPU.Deploy.0 = Debug|Any CPU
		{B4F4F8AE-3BC1-4780-A334-2679C0D931E3}.Debug|ARM.ActiveCfg = Debug|ARM
		{B4F4F8AE-3BC1-4780-A334-2679C0D931E3}.Debug|ARM.Build.0 = Debug|ARM
		{B4F4F8AE-3BC1-4780-A334-2679C0D931E3}.Debug|ARM.Deploy.0 = Debug|ARM
		{B4F4F8AE-3BC1-4780-A334-2679C0D931E3}.Debug|x64.ActiveCfg = Debug|x64
		{B4F4F8AE-3BC1-4780-A334-2679C0D931E3}.Debug|x64.Build.0 = Debug|x64
		{B4F4F8AE-3BC1-4780-A334-2679C0D931E3}.Debug|x64.Deploy.0 = Debug|x64
		{B4F4F8AE-3BC1-4780-A334-2679C0D931E3}.Debug|x86.ActiveCfg = Debug|x86
		{B4F4F8AE-3BC1-4780-A334-2679C0D931E3}.Debug|x86.Build.0 = Debug|x86
		{B4F4F8AE-3BC1-4780-A334-2679C0D931E3}.Debug|x86.Deploy.0 = Debug|x86
		{B4F4F8AE-3BC1-4780-A334-2679C0D931E3}.Release|Any CPU.ActiveCfg = Release|Any CPU
		{B4F4F8AE-3BC1-4780-A334-2679C0D931E3}.Release|Any CPU.Build.0 = Release|Any CPU
		{B4F4F8AE-3BC1-4780-A334-2679C0D931E3}.Release|Any CPU.Deploy.0 = Release|Any CPU
		{B4F4F8AE-3BC1-4780-A334-2679C0D931E3}.Release|ARM.ActiveCfg = Release|ARM
		{B4F4F8AE-3BC1-4780-A334-2679C0D931E3}.Release|ARM.Build.0 = Release|ARM
		{B4F4F8AE-3BC1-4780-A334-2679C0D931E3}.Release|ARM.Deploy.0 = Release|ARM
		{B4F4F8AE-3BC1-4780-A334-2679C0D931E3}.Release|x64.ActiveCfg = Release|x64
		{B4F4F8AE-3BC1-4780-A334-2679C0D931E3}.Release|x64.Build.0 = Release|x64
		{B4F4F8AE-3BC1-4780-A334-2679C0D931E3}.Release|x64.Deploy.0 = Release|x64
		{B4F4F8AE-3BC1-4780-A334-2679C0D931E3}.Release|x86.ActiveCfg = Release|x86
		{B4F4F8AE-3BC1-4780-A334-2679C0D931E3}.Release|x86.Build.0 = Release|x86
		{B4F4F8AE-3BC1-4780-A334-2679C0D931E3}.Release|x86.Deploy.0 = Release|x86
		{645DA80F-FE08-45F8-A0EF-27C23D11E2FA}.Debug|Any CPU.ActiveCfg = Debug|Any CPU
		{645DA80F-FE08-45F8-A0EF-27C23D11E2FA}.Debug|Any CPU.Build.0 = Debug|Any CPU
		{645DA80F-FE08-45F8-A0EF-27C23D11E2FA}.Debug|ARM.ActiveCfg = Debug|ARM
		{645DA80F-FE08-45F8-A0EF-27C23D11E2FA}.Debug|ARM.Build.0 = Debug|ARM
		{645DA80F-FE08-45F8-A0EF-27C23D11E2FA}.Debug|x64.ActiveCfg = Debug|x64
		{645DA80F-FE08-45F8-A0EF-27C23D11E2FA}.Debug|x64.Build.0 = Debug|x64
		{645DA80F-FE08-45F8-A0EF-27C23D11E2FA}.Debug|x86.ActiveCfg = Debug|x86
		{645DA80F-FE08-45F8-A0EF-27C23D11E2FA}.Debug|x86.Build.0 = Debug|x86
		{645DA80F-FE08-45F8-A0EF-27C23D11E2FA}.Release|Any CPU.ActiveCfg = Release|Any CPU
		{645DA80F-FE08-45F8-A0EF-27C23D11E2FA}.Release|Any CPU.Build.0 = Release|Any CPU
		{645DA80F-FE08-45F8-A0EF-27C23D11E2FA}.Release|ARM.ActiveCfg = Release|ARM
		{645DA80F-FE08-45F8-A0EF-27C23D11E2FA}.Release|ARM.Build.0 = Release|ARM
		{645DA80F-FE08-45F8-A0EF-27C23D11E2FA}.Release|x64.ActiveCfg = Release|x64
		{645DA80F-FE08-45F8-A0EF-27C23D11E2FA}.Release|x64.Build.0 = Release|x64
		{645DA80F-FE08-45F8-A0EF-27C23D11E2FA}.Release|x86.ActiveCfg = Release|x86
		{645DA80F-FE08-45F8-A0EF-27C23D11E2FA}.Release|x86.Build.0 = Release|x86
		{0DCCBDCD-D973-4C8B-B765-494B55090A59}.Debug|Any CPU.ActiveCfg = Debug|Any CPU
		{0DCCBDCD-D973-4C8B-B765-494B55090A59}.Debug|Any CPU.Build.0 = Debug|Any CPU
		{0DCCBDCD-D973-4C8B-B765-494B55090A59}.Debug|ARM.ActiveCfg = Debug|ARM
		{0DCCBDCD-D973-4C8B-B765-494B55090A59}.Debug|ARM.Build.0 = Debug|ARM
		{0DCCBDCD-D973-4C8B-B765-494B55090A59}.Debug|x64.ActiveCfg = Debug|x64
		{0DCCBDCD-D973-4C8B-B765-494B55090A59}.Debug|x64.Build.0 = Debug|x64
		{0DCCBDCD-D973-4C8B-B765-494B55090A59}.Debug|x86.ActiveCfg = Debug|x86
		{0DCCBDCD-D973-4C8B-B765-494B55090A59}.Debug|x86.Build.0 = Debug|x86
		{0DCCBDCD-D973-4C8B-B765-494B55090A59}.Release|Any CPU.ActiveCfg = Release|Any CPU
		{0DCCBDCD-D973-4C8B-B765-494B55090A59}.Release|Any CPU.Build.0 = Release|Any CPU
		{0DCCBDCD-D973-4C8B-B765-494B55090A59}.Release|ARM.ActiveCfg = Release|ARM
		{0DCCBDCD-D973-4C8B-B765-494B55090A59}.Release|ARM.Build.0 = Release|ARM
		{0DCCBDCD-D973-4C8B-B765-494B55090A59}.Release|x64.ActiveCfg = Release|x64
		{0DCCBDCD-D973-4C8B-B765-494B55090A59}.Release|x64.Build.0 = Release|x64
		{0DCCBDCD-D973-4C8B-B765-494B55090A59}.Release|x86.ActiveCfg = Release|x86
		{0DCCBDCD-D973-4C8B-B765-494B55090A59}.Release|x86.Build.0 = Release|x86
		{9ED56221-EDAC-41E8-90EF-464CCB4C8048}.Debug|Any CPU.ActiveCfg = Debug|Any CPU
		{9ED56221-EDAC-41E8-90EF-464CCB4C8048}.Debug|Any CPU.Build.0 = Debug|Any CPU
		{9ED56221-EDAC-41E8-90EF-464CCB4C8048}.Debug|ARM.ActiveCfg = Debug|ARM
		{9ED56221-EDAC-41E8-90EF-464CCB4C8048}.Debug|ARM.Build.0 = Debug|ARM
		{9ED56221-EDAC-41E8-90EF-464CCB4C8048}.Debug|x64.ActiveCfg = Debug|x64
		{9ED56221-EDAC-41E8-90EF-464CCB4C8048}.Debug|x64.Build.0 = Debug|x64
		{9ED56221-EDAC-41E8-90EF-464CCB4C8048}.Debug|x86.ActiveCfg = Debug|x86
		{9ED56221-EDAC-41E8-90EF-464CCB4C8048}.Debug|x86.Build.0 = Debug|x86
		{9ED56221-EDAC-41E8-90EF-464CCB4C8048}.Release|Any CPU.ActiveCfg = Release|Any CPU
		{9ED56221-EDAC-41E8-90EF-464CCB4C8048}.Release|Any CPU.Build.0 = Release|Any CPU
		{9ED56221-EDAC-41E8-90EF-464CCB4C8048}.Release|ARM.ActiveCfg = Release|ARM
		{9ED56221-EDAC-41E8-90EF-464CCB4C8048}.Release|ARM.Build.0 = Release|ARM
		{9ED56221-EDAC-41E8-90EF-464CCB4C8048}.Release|x64.ActiveCfg = Release|x64
		{9ED56221-EDAC-41E8-90EF-464CCB4C8048}.Release|x64.Build.0 = Release|x64
		{9ED56221-EDAC-41E8-90EF-464CCB4C8048}.Release|x86.ActiveCfg = Release|x86
		{9ED56221-EDAC-41E8-90EF-464CCB4C8048}.Release|x86.Build.0 = Release|x86
	EndGlobalSection
	GlobalSection(SolutionProperties) = preSolution
		HideSolutionNode = FALSE
	EndGlobalSection
EndGlobal
